
Microsoft Visual Studio Solution File, Format Version 12.00
# Visual Studio 15
VisualStudioVersion = 15.0.26124.0
MinimumVisualStudioVersion = 15.0.26124.0
Project("{2150E333-8FDC-42A3-9474-1A3956D46DE8}") = "src", "src", "{CDCD0A03-3F22-486D-8FBF-9683B3ADF3EC}"
EndProject
Project("{2150E333-8FDC-42A3-9474-1A3956D46DE8}") = "services", "services", "{E29DDA9A-2D7A-4DFA-A199-1B7702BEAAC2}"
EndProject
Project("{FAE04EC0-301F-11D3-BF4B-00C04F79EFBC}") = "interest", "src\services\interest\interest.csproj", "{30EA978E-067B-420B-B20A-66677ACC256B}"
EndProject
Project("{FAE04EC0-301F-11D3-BF4B-00C04F79EFBC}") = "calculate", "src\services\calculate\calculate.csproj", "{FAF0DC6A-5925-4E3E-9773-74DF5EB1E116}"
EndProject
Project("{FAE04EC0-301F-11D3-BF4B-00C04F79EFBC}") = "gateway", "src\services\gateway\gateway.csproj", "{79744DF2-BCF1-40B2-A6AC-CCAF5D6F9A0F}"
EndProject
Project("{2150E333-8FDC-42A3-9474-1A3956D46DE8}") = "tests", "tests", "{852C3366-0B2B-460D-8A8A-0ED232786F3D}"
EndProject
Project("{2150E333-8FDC-42A3-9474-1A3956D46DE8}") = "services", "services", "{0E7A378C-77B2-4D9C-8A70-0B54AEAA4D70}"
EndProject
Project("{FAE04EC0-301F-11D3-BF4B-00C04F79EFBC}") = "Interest", "src\tests\services\Interest\Interest.csproj", "{209000C6-DB61-42AF-BE9A-09B4F6AAF6C2}"
EndProject
Global
	GlobalSection(SolutionConfigurationPlatforms) = preSolution
		Debug|Any CPU = Debug|Any CPU
		Debug|x64 = Debug|x64
		Debug|x86 = Debug|x86
		Release|Any CPU = Release|Any CPU
		Release|x64 = Release|x64
		Release|x86 = Release|x86
	EndGlobalSection
	GlobalSection(SolutionProperties) = preSolution
		HideSolutionNode = FALSE
	EndGlobalSection
	GlobalSection(ProjectConfigurationPlatforms) = postSolution
		{30EA978E-067B-420B-B20A-66677ACC256B}.Debug|Any CPU.ActiveCfg = Debug|Any CPU
		{30EA978E-067B-420B-B20A-66677ACC256B}.Debug|Any CPU.Build.0 = Debug|Any CPU
		{30EA978E-067B-420B-B20A-66677ACC256B}.Debug|x64.ActiveCfg = Debug|Any CPU
		{30EA978E-067B-420B-B20A-66677ACC256B}.Debug|x64.Build.0 = Debug|Any CPU
		{30EA978E-067B-420B-B20A-66677ACC256B}.Debug|x86.ActiveCfg = Debug|Any CPU
		{30EA978E-067B-420B-B20A-66677ACC256B}.Debug|x86.Build.0 = Debug|Any CPU
		{30EA978E-067B-420B-B20A-66677ACC256B}.Release|Any CPU.ActiveCfg = Release|Any CPU
		{30EA978E-067B-420B-B20A-66677ACC256B}.Release|Any CPU.Build.0 = Release|Any CPU
		{30EA978E-067B-420B-B20A-66677ACC256B}.Release|x64.ActiveCfg = Release|Any CPU
		{30EA978E-067B-420B-B20A-66677ACC256B}.Release|x64.Build.0 = Release|Any CPU
		{30EA978E-067B-420B-B20A-66677ACC256B}.Release|x86.ActiveCfg = Release|Any CPU
		{30EA978E-067B-420B-B20A-66677ACC256B}.Release|x86.Build.0 = Release|Any CPU
		{FAF0DC6A-5925-4E3E-9773-74DF5EB1E116}.Debug|Any CPU.ActiveCfg = Debug|Any CPU
		{FAF0DC6A-5925-4E3E-9773-74DF5EB1E116}.Debug|Any CPU.Build.0 = Debug|Any CPU
		{FAF0DC6A-5925-4E3E-9773-74DF5EB1E116}.Debug|x64.ActiveCfg = Debug|Any CPU
		{FAF0DC6A-5925-4E3E-9773-74DF5EB1E116}.Debug|x64.Build.0 = Debug|Any CPU
		{FAF0DC6A-5925-4E3E-9773-74DF5EB1E116}.Debug|x86.ActiveCfg = Debug|Any CPU
		{FAF0DC6A-5925-4E3E-9773-74DF5EB1E116}.Debug|x86.Build.0 = Debug|Any CPU
		{FAF0DC6A-5925-4E3E-9773-74DF5EB1E116}.Release|Any CPU.ActiveCfg = Release|Any CPU
		{FAF0DC6A-5925-4E3E-9773-74DF5EB1E116}.Release|Any CPU.Build.0 = Release|Any CPU
		{FAF0DC6A-5925-4E3E-9773-74DF5EB1E116}.Release|x64.ActiveCfg = Release|Any CPU
		{FAF0DC6A-5925-4E3E-9773-74DF5EB1E116}.Release|x64.Build.0 = Release|Any CPU
		{FAF0DC6A-5925-4E3E-9773-74DF5EB1E116}.Release|x86.ActiveCfg = Release|Any CPU
		{FAF0DC6A-5925-4E3E-9773-74DF5EB1E116}.Release|x86.Build.0 = Release|Any CPU
		{79744DF2-BCF1-40B2-A6AC-CCAF5D6F9A0F}.Debug|Any CPU.ActiveCfg = Debug|Any CPU
		{79744DF2-BCF1-40B2-A6AC-CCAF5D6F9A0F}.Debug|Any CPU.Build.0 = Debug|Any CPU
		{79744DF2-BCF1-40B2-A6AC-CCAF5D6F9A0F}.Debug|x64.ActiveCfg = Debug|Any CPU
		{79744DF2-BCF1-40B2-A6AC-CCAF5D6F9A0F}.Debug|x64.Build.0 = Debug|Any CPU
		{79744DF2-BCF1-40B2-A6AC-CCAF5D6F9A0F}.Debug|x86.ActiveCfg = Debug|Any CPU
		{79744DF2-BCF1-40B2-A6AC-CCAF5D6F9A0F}.Debug|x86.Build.0 = Debug|Any CPU
		{79744DF2-BCF1-40B2-A6AC-CCAF5D6F9A0F}.Release|Any CPU.ActiveCfg = Release|Any CPU
		{79744DF2-BCF1-40B2-A6AC-CCAF5D6F9A0F}.Release|Any CPU.Build.0 = Release|Any CPU
		{79744DF2-BCF1-40B2-A6AC-CCAF5D6F9A0F}.Release|x64.ActiveCfg = Release|Any CPU
		{79744DF2-BCF1-40B2-A6AC-CCAF5D6F9A0F}.Release|x64.Build.0 = Release|Any CPU
		{79744DF2-BCF1-40B2-A6AC-CCAF5D6F9A0F}.Release|x86.ActiveCfg = Release|Any CPU
		{79744DF2-BCF1-40B2-A6AC-CCAF5D6F9A0F}.Release|x86.Build.0 = Release|Any CPU
		{209000C6-DB61-42AF-BE9A-09B4F6AAF6C2}.Debug|Any CPU.ActiveCfg = Debug|Any CPU
		{209000C6-DB61-42AF-BE9A-09B4F6AAF6C2}.Debug|Any CPU.Build.0 = Debug|Any CPU
		{209000C6-DB61-42AF-BE9A-09B4F6AAF6C2}.Debug|x64.ActiveCfg = Debug|Any CPU
		{209000C6-DB61-42AF-BE9A-09B4F6AAF6C2}.Debug|x64.Build.0 = Debug|Any CPU
		{209000C6-DB61-42AF-BE9A-09B4F6AAF6C2}.Debug|x86.ActiveCfg = Debug|Any CPU
		{209000C6-DB61-42AF-BE9A-09B4F6AAF6C2}.Debug|x86.Build.0 = Debug|Any CPU
		{209000C6-DB61-42AF-BE9A-09B4F6AAF6C2}.Release|Any CPU.ActiveCfg = Release|Any CPU
		{209000C6-DB61-42AF-BE9A-09B4F6AAF6C2}.Release|Any CPU.Build.0 = Release|Any CPU
		{209000C6-DB61-42AF-BE9A-09B4F6AAF6C2}.Release|x64.ActiveCfg = Release|Any CPU
		{209000C6-DB61-42AF-BE9A-09B4F6AAF6C2}.Release|x64.Build.0 = Release|Any CPU
		{209000C6-DB61-42AF-BE9A-09B4F6AAF6C2}.Release|x86.ActiveCfg = Release|Any CPU
		{209000C6-DB61-42AF-BE9A-09B4F6AAF6C2}.Release|x86.Build.0 = Release|Any CPU
	EndGlobalSection
	GlobalSection(NestedProjects) = preSolution
		{E29DDA9A-2D7A-4DFA-A199-1B7702BEAAC2} = {CDCD0A03-3F22-486D-8FBF-9683B3ADF3EC}
		{30EA978E-067B-420B-B20A-66677ACC256B} = {E29DDA9A-2D7A-4DFA-A199-1B7702BEAAC2}
		{FAF0DC6A-5925-4E3E-9773-74DF5EB1E116} = {E29DDA9A-2D7A-4DFA-A199-1B7702BEAAC2}
		{79744DF2-BCF1-40B2-A6AC-CCAF5D6F9A0F} = {E29DDA9A-2D7A-4DFA-A199-1B7702BEAAC2}
		{852C3366-0B2B-460D-8A8A-0ED232786F3D} = {CDCD0A03-3F22-486D-8FBF-9683B3ADF3EC}
		{0E7A378C-77B2-4D9C-8A70-0B54AEAA4D70} = {852C3366-0B2B-460D-8A8A-0ED232786F3D}
		{209000C6-DB61-42AF-BE9A-09B4F6AAF6C2} = {0E7A378C-77B2-4D9C-8A70-0B54AEAA4D70}
	EndGlobalSection
EndGlobal
